
Microsoft Visual Studio Solution File, Format Version 12.00
# Visual Studio Version 16
VisualStudioVersion = 16.0.32510.428
MinimumVisualStudioVersion = 10.0.40219.1
Project("{FAE04EC0-301F-11D3-BF4B-00C04F79EFBC}") = "ContactListManager", "ContactListManager\ContactListManager.csproj", "{1B8A2464-E488-4763-AF1A-A399B1924595}"
EndProject
Global
	GlobalSection(SolutionConfigurationPlatforms) = preSolution
		Debug|Any CPU = Debug|Any CPU
		Release|Any CPU = Release|Any CPU
	EndGlobalSection
	GlobalSection(ProjectConfigurationPlatforms) = postSolution
		{1B8A2464-E488-4763-AF1A-A399B1924595}.Debug|Any CPU.ActiveCfg = Debug|Any CPU
		{1B8A2464-E488-4763-AF1A-A399B1924595}.Debug|Any CPU.Build.0 = Debug|Any CPU
		{1B8A2464-E488-4763-AF1A-A399B1924595}.Release|Any CPU.ActiveCfg = Release|Any CPU
		{1B8A2464-E488-4763-AF1A-A399B1924595}.Release|Any CPU.Build.0 = Release|Any CPU
	EndGlobalSection
	GlobalSection(SolutionProperties) = preSolution
		HideSolutionNode = FALSE
	EndGlobalSection
	GlobalSection(ExtensibilityGlobals) = postSolution
		SolutionGuid = {0D80F0FB-A685-44F8-9A60-0D55A5791A8E}
	EndGlobalSection
EndGlobal
